
Microsoft Visual Studio Solution File, Format Version 11.00
# Visual Studio 2010
Project("{FAE04EC0-301F-11D3-BF4B-00C04F79EFBC}") = "Assembly-CSharp", "Assembly-CSharp.csproj", "{36f95963-8c7f-b734-eebd-f20283ef9066}"
EndProject
Global
	GlobalSection(SolutionConfigurationPlatforms) = preSolution
		Debug|Any CPU = Debug|Any CPU
		Release|Any CPU = Release|Any CPU
	EndGlobalSection
	GlobalSection(ProjectConfigurationPlatforms) = postSolution
		{36f95963-8c7f-b734-eebd-f20283ef9066}.Debug|Any CPU.ActiveCfg = Debug|Any CPU
		{36f95963-8c7f-b734-eebd-f20283ef9066}.Debug|Any CPU.Build.0 = Debug|Any CPU
		{36f95963-8c7f-b734-eebd-f20283ef9066}.Release|Any CPU.ActiveCfg = Release|Any CPU
		{36f95963-8c7f-b734-eebd-f20283ef9066}.Release|Any CPU.Build.0 = Release|Any CPU
	EndGlobalSection
	GlobalSection(SolutionProperties) = preSolution
		HideSolutionNode = FALSE
	EndGlobalSection
EndGlobal
